
Microsoft Visual Studio Solution File, Format Version 12.00
# Visual Studio Version 17
VisualStudioVersion = 17.9.34701.34
MinimumVisualStudioVersion = 10.0.40219.1
Project("{FAE04EC0-301F-11D3-BF4B-00C04F79EFBC}") = "MorseCodeConverterST", "MorseCodeConverterST.csproj", "{1445C7FF-56DB-4D4B-B55C-0138141E5E86}"
EndProject
Global
	GlobalSection(SolutionConfigurationPlatforms) = preSolution
		Debug|Any CPU = Debug|Any CPU
		Release|Any CPU = Release|Any CPU
	EndGlobalSection
	GlobalSection(ProjectConfigurationPlatforms) = postSolution
		{1445C7FF-56DB-4D4B-B55C-0138141E5E86}.Debug|Any CPU.ActiveCfg = Debug|Any CPU
		{1445C7FF-56DB-4D4B-B55C-0138141E5E86}.Debug|Any CPU.Build.0 = Debug|Any CPU
		{1445C7FF-56DB-4D4B-B55C-0138141E5E86}.Release|Any CPU.ActiveCfg = Release|Any CPU
		{1445C7FF-56DB-4D4B-B55C-0138141E5E86}.Release|Any CPU.Build.0 = Release|Any CPU
	EndGlobalSection
	GlobalSection(SolutionProperties) = preSolution
		HideSolutionNode = FALSE
	EndGlobalSection
	GlobalSection(ExtensibilityGlobals) = postSolution
		SolutionGuid = {79103D54-8BC5-460C-BDDF-A6BD5A878EA7}
	EndGlobalSection
EndGlobal
